
Microsoft Visual Studio Solution File, Format Version 12.00
# Visual Studio Version 16
VisualStudioVersion = 16.0.30114.105
MinimumVisualStudioVersion = 10.0.40219.1
Project("{9A19103F-16F7-4668-BE54-9A1E7A4F7556}") = "console-app-sample", "console-app-sample\console-app-sample.csproj", "{78BA6361-D95D-418B-84FD-CCA908B254BA}"
EndProject
Project("{2150E333-8FDC-42A3-9474-1A3956D46DE8}") = "Solution Items", "Solution Items", "{833203F2-60E1-47EB-9224-BB45BB63E273}"
	ProjectSection(SolutionItems) = preProject
		Readme.md = Readme.md
	EndProjectSection
EndProject
Global
	GlobalSection(SolutionConfigurationPlatforms) = preSolution
		Debug|Any CPU = Debug|Any CPU
		Release|Any CPU = Release|Any CPU
	EndGlobalSection
	GlobalSection(ProjectConfigurationPlatforms) = postSolution
		{78BA6361-D95D-418B-84FD-CCA908B254BA}.Debug|Any CPU.ActiveCfg = Debug|Any CPU
		{78BA6361-D95D-418B-84FD-CCA908B254BA}.Debug|Any CPU.Build.0 = Debug|Any CPU
		{78BA6361-D95D-418B-84FD-CCA908B254BA}.Release|Any CPU.ActiveCfg = Release|Any CPU
		{78BA6361-D95D-418B-84FD-CCA908B254BA}.Release|Any CPU.Build.0 = Release|Any CPU
	EndGlobalSection
	GlobalSection(SolutionProperties) = preSolution
		HideSolutionNode = FALSE
	EndGlobalSection
	GlobalSection(ExtensibilityGlobals) = postSolution
		SolutionGuid = {23FBA57B-A8F0-4D10-8E29-7A212F7E6E13}
	EndGlobalSection
EndGlobal
